
Microsoft Visual Studio Solution File, Format Version 12.00
# Visual Studio Version 16
VisualStudioVersion = 16.0.28803.352
MinimumVisualStudioVersion = 10.0.40219.1
Project("{9A19103F-16F7-4668-BE54-9A1E7A4F7556}") = "PokeR", "pokeR\PokeR.csproj", "{9BB9BA9B-2E37-42D3-9F24-A075B971C5DD}"
EndProject
Project("{FAE04EC0-301F-11D3-BF4B-00C04F79EFBC}") = "PokeR.UWP", "PokeR.UWP\PokeR.UWP.csproj", "{EEEEF93C-6B02-4148-B41A-A5BAE21C5592}"
EndProject
Project("{FAE04EC0-301F-11D3-BF4B-00C04F79EFBC}") = "PokeR.Core", "PokeR.Core\PokeR.Core.csproj", "{C3B4187D-705D-4409-BB57-B57E00EA90A4}"
EndProject
Global
	GlobalSection(SolutionConfigurationPlatforms) = preSolution
		Debug|Any CPU = Debug|Any CPU
		Debug|ARM = Debug|ARM
		Debug|ARM64 = Debug|ARM64
		Debug|x64 = Debug|x64
		Debug|x86 = Debug|x86
		Release|Any CPU = Release|Any CPU
		Release|ARM = Release|ARM
		Release|ARM64 = Release|ARM64
		Release|x64 = Release|x64
		Release|x86 = Release|x86
	EndGlobalSection
	GlobalSection(ProjectConfigurationPlatforms) = postSolution
		{9BB9BA9B-2E37-42D3-9F24-A075B971C5DD}.Debug|Any CPU.ActiveCfg = Debug|Any CPU
		{9BB9BA9B-2E37-42D3-9F24-A075B971C5DD}.Debug|Any CPU.Build.0 = Debug|Any CPU
		{9BB9BA9B-2E37-42D3-9F24-A075B971C5DD}.Debug|ARM.ActiveCfg = Debug|Any CPU
		{9BB9BA9B-2E37-42D3-9F24-A075B971C5DD}.Debug|ARM.Build.0 = Debug|Any CPU
		{9BB9BA9B-2E37-42D3-9F24-A075B971C5DD}.Debug|ARM64.ActiveCfg = Debug|Any CPU
		{9BB9BA9B-2E37-42D3-9F24-A075B971C5DD}.Debug|ARM64.Build.0 = Debug|Any CPU
		{9BB9BA9B-2E37-42D3-9F24-A075B971C5DD}.Debug|x64.ActiveCfg = Debug|Any CPU
		{9BB9BA9B-2E37-42D3-9F24-A075B971C5DD}.Debug|x64.Build.0 = Debug|Any CPU
		{9BB9BA9B-2E37-42D3-9F24-A075B971C5DD}.Debug|x86.ActiveCfg = Debug|Any CPU
		{9BB9BA9B-2E37-42D3-9F24-A075B971C5DD}.Debug|x86.Build.0 = Debug|Any CPU
		{9BB9BA9B-2E37-42D3-9F24-A075B971C5DD}.Release|Any CPU.ActiveCfg = Release|Any CPU
		{9BB9BA9B-2E37-42D3-9F24-A075B971C5DD}.Release|Any CPU.Build.0 = Release|Any CPU
		{9BB9BA9B-2E37-42D3-9F24-A075B971C5DD}.Release|ARM.ActiveCfg = Release|Any CPU
		{9BB9BA9B-2E37-42D3-9F24-A075B971C5DD}.Release|ARM.Build.0 = Release|Any CPU
		{9BB9BA9B-2E37-42D3-9F24-A075B971C5DD}.Release|ARM64.ActiveCfg = Release|Any CPU
		{9BB9BA9B-2E37-42D3-9F24-A075B971C5DD}.Release|ARM64.Build.0 = Release|Any CPU
		{9BB9BA9B-2E37-42D3-9F24-A075B971C5DD}.Release|x64.ActiveCfg = Release|Any CPU
		{9BB9BA9B-2E37-42D3-9F24-A075B971C5DD}.Release|x64.Build.0 = Release|Any CPU
		{9BB9BA9B-2E37-42D3-9F24-A075B971C5DD}.Release|x86.ActiveCfg = Release|Any CPU
		{9BB9BA9B-2E37-42D3-9F24-A075B971C5DD}.Release|x86.Build.0 = Release|Any CPU
		{EEEEF93C-6B02-4148-B41A-A5BAE21C5592}.Debug|Any CPU.ActiveCfg = Debug|x86
		{EEEEF93C-6B02-4148-B41A-A5BAE21C5592}.Debug|ARM.ActiveCfg = Debug|ARM
		{EEEEF93C-6B02-4148-B41A-A5BAE21C5592}.Debug|ARM.Build.0 = Debug|ARM
		{EEEEF93C-6B02-4148-B41A-A5BAE21C5592}.Debug|ARM.Deploy.0 = Debug|ARM
		{EEEEF93C-6B02-4148-B41A-A5BAE21C5592}.Debug|ARM64.ActiveCfg = Debug|ARM64
		{EEEEF93C-6B02-4148-B41A-A5BAE21C5592}.Debug|ARM64.Build.0 = Debug|ARM64
		{EEEEF93C-6B02-4148-B41A-A5BAE21C5592}.Debug|ARM64.Deploy.0 = Debug|ARM64
		{EEEEF93C-6B02-4148-B41A-A5BAE21C5592}.Debug|x64.ActiveCfg = Debug|x64
		{EEEEF93C-6B02-4148-B41A-A5BAE21C5592}.Debug|x64.Build.0 = Debug|x64
		{EEEEF93C-6B02-4148-B41A-A5BAE21C5592}.Debug|x64.Deploy.0 = Debug|x64
		{EEEEF93C-6B02-4148-B41A-A5BAE21C5592}.Debug|x86.ActiveCfg = Debug|x86
		{EEEEF93C-6B02-4148-B41A-A5BAE21C5592}.Debug|x86.Build.0 = Debug|x86
		{EEEEF93C-6B02-4148-B41A-A5BAE21C5592}.Debug|x86.Deploy.0 = Debug|x86
		{EEEEF93C-6B02-4148-B41A-A5BAE21C5592}.Release|Any CPU.ActiveCfg = Release|x86
		{EEEEF93C-6B02-4148-B41A-A5BAE21C5592}.Release|ARM.ActiveCfg = Release|ARM
		{EEEEF93C-6B02-4148-B41A-A5BAE21C5592}.Release|ARM.Build.0 = Release|ARM
		{EEEEF93C-6B02-4148-B41A-A5BAE21C5592}.Release|ARM.Deploy.0 = Release|ARM
		{EEEEF93C-6B02-4148-B41A-A5BAE21C5592}.Release|ARM64.ActiveCfg = Release|ARM64
		{EEEEF93C-6B02-4148-B41A-A5BAE21C5592}.Release|ARM64.Build.0 = Release|ARM64
		{EEEEF93C-6B02-4148-B41A-A5BAE21C5592}.Release|ARM64.Deploy.0 = Release|ARM64
		{EEEEF93C-6B02-4148-B41A-A5BAE21C5592}.Release|x64.ActiveCfg = Release|x64
		{EEEEF93C-6B02-4148-B41A-A5BAE21C5592}.Release|x64.Build.0 = Release|x64
		{EEEEF93C-6B02-4148-B41A-A5BAE21C5592}.Release|x64.Deploy.0 = Release|x64
		{EEEEF93C-6B02-4148-B41A-A5BAE21C5592}.Release|x86.ActiveCfg = Release|x86
		{EEEEF93C-6B02-4148-B41A-A5BAE21C5592}.Release|x86.Build.0 = Release|x86
		{EEEEF93C-6B02-4148-B41A-A5BAE21C5592}.Release|x86.Deploy.0 = Release|x86
		{C3B4187D-705D-4409-BB57-B57E00EA90A4}.Debug|Any CPU.ActiveCfg = Debug|Any CPU
		{C3B4187D-705D-4409-BB57-B57E00EA90A4}.Debug|Any CPU.Build.0 = Debug|Any CPU
		{C3B4187D-705D-4409-BB57-B57E00EA90A4}.Debug|ARM.ActiveCfg = Debug|Any CPU
		{C3B4187D-705D-4409-BB57-B57E00EA90A4}.Debug|ARM.Build.0 = Debug|Any CPU
		{C3B4187D-705D-4409-BB57-B57E00EA90A4}.Debug|ARM64.ActiveCfg = Debug|Any CPU
		{C3B4187D-705D-4409-BB57-B57E00EA90A4}.Debug|ARM64.Build.0 = Debug|Any CPU
		{C3B4187D-705D-4409-BB57-B57E00EA90A4}.Debug|x64.ActiveCfg = Debug|Any CPU
		{C3B4187D-705D-4409-BB57-B57E00EA90A4}.Debug|x64.Build.0 = Debug|Any CPU
		{C3B4187D-705D-4409-BB57-B57E00EA90A4}.Debug|x86.ActiveCfg = Debug|Any CPU
		{C3B4187D-705D-4409-BB57-B57E00EA90A4}.Debug|x86.Build.0 = Debug|Any CPU
		{C3B4187D-705D-4409-BB57-B57E00EA90A4}.Release|Any CPU.ActiveCfg = Release|Any CPU
		{C3B4187D-705D-4409-BB57-B57E00EA90A4}.Release|Any CPU.Build.0 = Release|Any CPU
		{C3B4187D-705D-4409-BB57-B57E00EA90A4}.Release|ARM.ActiveCfg = Release|Any CPU
		{C3B4187D-705D-4409-BB57-B57E00EA90A4}.Release|ARM.Build.0 = Release|Any CPU
		{C3B4187D-705D-4409-BB57-B57E00EA90A4}.Release|ARM64.ActiveCfg = Release|Any CPU
		{C3B4187D-705D-4409-BB57-B57E00EA90A4}.Release|ARM64.Build.0 = Release|Any CPU
		{C3B4187D-705D-4409-BB57-B57E00EA90A4}.Release|x64.ActiveCfg = Release|Any CPU
		{C3B4187D-705D-4409-BB57-B57E00EA90A4}.Release|x64.Build.0 = Release|Any CPU
		{C3B4187D-705D-4409-BB57-B57E00EA90A4}.Release|x86.ActiveCfg = Release|Any CPU
		{C3B4187D-705D-4409-BB57-B57E00EA90A4}.Release|x86.Build.0 = Release|Any CPU
	EndGlobalSection
	GlobalSection(SolutionProperties) = preSolution
		HideSolutionNode = FALSE
	EndGlobalSection
	GlobalSection(ExtensibilityGlobals) = postSolution
		SolutionGuid = {1A2050AE-5745-400B-85AF-E89C4EC41A48}
	EndGlobalSection
EndGlobal
